
Microsoft Visual Studio Solution File, Format Version 12.00
# Visual Studio 15
VisualStudioVersion = 15.0.27130.2027
MinimumVisualStudioVersion = 10.0.40219.1
Project("{FAE04EC0-301F-11D3-BF4B-00C04F79EFBC}") = "FiveM-MySQL", "FiveM-MySQL\FiveM-MySQL.csproj", "{CF04E9FA-50C4-469A-9619-5ACECE2BE099}"
EndProject
Project("{FAE04EC0-301F-11D3-BF4B-00C04F79EFBC}") = "MySQLTest", "MySQLTest\MySQLTest.csproj", "{B9B0DF87-CB6E-4463-BD4B-FE8D64DF874E}"
EndProject
Global
	GlobalSection(SolutionConfigurationPlatforms) = preSolution
		Debug|Any CPU = Debug|Any CPU
		Release|Any CPU = Release|Any CPU
	EndGlobalSection
	GlobalSection(ProjectConfigurationPlatforms) = postSolution
		{CF04E9FA-50C4-469A-9619-5ACECE2BE099}.Debug|Any CPU.ActiveCfg = Debug|Any CPU
		{CF04E9FA-50C4-469A-9619-5ACECE2BE099}.Debug|Any CPU.Build.0 = Debug|Any CPU
		{CF04E9FA-50C4-469A-9619-5ACECE2BE099}.Release|Any CPU.ActiveCfg = Release|Any CPU
		{CF04E9FA-50C4-469A-9619-5ACECE2BE099}.Release|Any CPU.Build.0 = Release|Any CPU
		{B9B0DF87-CB6E-4463-BD4B-FE8D64DF874E}.Debug|Any CPU.ActiveCfg = Debug|Any CPU
		{B9B0DF87-CB6E-4463-BD4B-FE8D64DF874E}.Debug|Any CPU.Build.0 = Debug|Any CPU
		{B9B0DF87-CB6E-4463-BD4B-FE8D64DF874E}.Release|Any CPU.ActiveCfg = Release|Any CPU
		{B9B0DF87-CB6E-4463-BD4B-FE8D64DF874E}.Release|Any CPU.Build.0 = Release|Any CPU
	EndGlobalSection
	GlobalSection(SolutionProperties) = preSolution
		HideSolutionNode = FALSE
	EndGlobalSection
	GlobalSection(ExtensibilityGlobals) = postSolution
		SolutionGuid = {C6DF7153-5E0B-4EB5-97E3-399B122A2C8D}
	EndGlobalSection
EndGlobal
